
Microsoft Visual Studio Solution File, Format Version 12.00
# Visual Studio Version 16
VisualStudioVersion = 16.0.30804.86
MinimumVisualStudioVersion = 10.0.40219.1
Project("{FAE04EC0-301F-11D3-BF4B-00C04F79EFBC}") = "CourseLibrary.API", "CourseLibrary.API\CourseLibrary.API.csproj", "{2E6DA68F-C4EF-40CB-84FA-7784AEECEE8A}"
EndProject
Global
	GlobalSection(SolutionConfigurationPlatforms) = preSolution
		Debug|Any CPU = Debug|Any CPU
		Release|Any CPU = Release|Any CPU
	EndGlobalSection
	GlobalSection(ProjectConfigurationPlatforms) = postSolution
		{2E6DA68F-C4EF-40CB-84FA-7784AEECEE8A}.Debug|Any CPU.ActiveCfg = Debug|Any CPU
		{2E6DA68F-C4EF-40CB-84FA-7784AEECEE8A}.Debug|Any CPU.Build.0 = Debug|Any CPU
		{2E6DA68F-C4EF-40CB-84FA-7784AEECEE8A}.Release|Any CPU.ActiveCfg = Release|Any CPU
		{2E6DA68F-C4EF-40CB-84FA-7784AEECEE8A}.Release|Any CPU.Build.0 = Release|Any CPU
	EndGlobalSection
	GlobalSection(SolutionProperties) = preSolution
		HideSolutionNode = FALSE
	EndGlobalSection
	GlobalSection(ExtensibilityGlobals) = postSolution
		SolutionGuid = {A636FC26-2F13-4F8B-8621-5897E8DDF901}
	EndGlobalSection
EndGlobal
